# THIS IS AN AUTOGENERATED FILE. DO NOT EDIT THIS FILE DIRECTLY.
# yarn lockfile v1


"@google/generative-ai@^0.21.0":
  version "0.21.0"
  resolved "https://registry.yarnpkg.com/@google/generative-ai/-/generative-ai-0.21.0.tgz#a5011aab9e6082e706937b26ef23445933fa0d15"
  integrity sha512-7XhUbtnlkSEZK15kN3t+tzIMxsbKm/dSkKBFalj+20NvPKe1kBY7mR2P7vuijEn+f06z5+A8bVGKO0v39cr6Wg==
